# THIS IS AN AUTOGENERATED FILE. DO NOT EDIT THIS FILE DIRECTLY.
# yarn lockfile v1


base-64@0.1.0:
  version "0.1.0"
  resolved "https://registry.yarnpkg.com/base-64/-/base-64-0.1.0.tgz#780a99c84e7d600260361511c4877613bf24f6bb"

clone@2.1.1:
  version "2.1.1"
  resolved "https://registry.yarnpkg.com/clone/-/clone-2.1.1.tgz#d217d1e961118e3ac9a4b8bba3285553bf647cdb"

component-emitter@1.2.0:
  version "1.2.0"
  resolved "https://registry.yarnpkg.com/component-emitter/-/component-emitter-1.2.0.tgz#ccd113a86388d06482d03de3fc7df98526ba8efe"

jsan@^3.1.3:
  version "3.1.9"
  resolved "https://registry.yarnpkg.com/jsan/-/jsan-3.1.9.tgz#2705676c1058f0a7d9ac266ad036a5769cfa7c96"

linked-list@0.1.0:
  version "0.1.0"
  resolved "https://registry.yarnpkg.com/linked-list/-/linked-list-0.1.0.tgz#798b0ff97d1b92a4fd08480f55aea4e9d49d37bf"

preact@^8.2.6:
  version "8.2.6"
  resolved "https://registry.yarnpkg.com/preact/-/preact-8.2.6.tgz#0028b426ef98fcca741a3c617ff5b813b9a947c7"

querystring@0.2.0, querystring@^0.2.0:
  version "0.2.0"
  resolved "https://registry.yarnpkg.com/querystring/-/querystring-0.2.0.tgz#b209849203bb25df820da756e747005878521620"

remotedev@^0.2.7:
  version "0.2.7"
  resolved "https://registry.yarnpkg.com/remotedev/-/remotedev-0.2.7.tgz#85ef370b52eb5721bd3e869d681dc7027d527ee3"
  dependencies:
    jsan "^3.1.3"
    querystring "^0.2.0"
    rn-host-detect "^1.0.1"
    socketcluster-client "^5.0.0"

rn-host-detect@^1.0.1:
  version "1.1.3"
  resolved "https://registry.yarnpkg.com/rn-host-detect/-/rn-host-detect-1.1.3.tgz#242d76e2fa485c48d751416e65b7cce596969e91"

safe-buffer@~5.0.1:
  version "5.0.1"
  resolved "https://registry.yarnpkg.com/safe-buffer/-/safe-buffer-5.0.1.tgz#d263ca54696cd8a306b5ca6551e92de57918fbe7"

sc-channel@~1.0.6:
  version "1.0.6"
  resolved "https://registry.yarnpkg.com/sc-channel/-/sc-channel-1.0.6.tgz#b38bd47a993e78290fbc53467867f6b2a0a08639"
  dependencies:
    sc-emitter "1.x.x"

sc-emitter@1.x.x, sc-emitter@~1.1.0:
  version "1.1.0"
  resolved "https://registry.yarnpkg.com/sc-emitter/-/sc-emitter-1.1.0.tgz#ef119d4222f4c64f887b486964ef11116cdd0e75"
  dependencies:
    component-emitter "1.2.0"

sc-errors@~1.3.0:
  version "1.3.3"
  resolved "https://registry.yarnpkg.com/sc-errors/-/sc-errors-1.3.3.tgz#c00bc4c766a970cc8d5937d08cd58e931d7dae05"

sc-formatter@~3.0.0:
  version "3.0.1"
  resolved "https://registry.yarnpkg.com/sc-formatter/-/sc-formatter-3.0.1.tgz#c8b3fec0eea51b883dbc22ddfeacb46cd0e8db6c"

socketcluster-client@^5.0.0:
  version "5.5.2"
  resolved "https://registry.yarnpkg.com/socketcluster-client/-/socketcluster-client-5.5.2.tgz#9d4369e0e722ff7e55e5422c2d44f5afe1aff128"
  dependencies:
    base-64 "0.1.0"
    clone "2.1.1"
    linked-list "0.1.0"
    querystring "0.2.0"
    sc-channel "~1.0.6"
    sc-emitter "~1.1.0"
    sc-errors "~1.3.0"
    sc-formatter "~3.0.0"
    ws "3.0.0"

ultron@~1.1.0:
  version "1.1.0"
  resolved "https://registry.yarnpkg.com/ultron/-/ultron-1.1.0.tgz#b07a2e6a541a815fc6a34ccd4533baec307ca864"

ws@3.0.0:
  version "3.0.0"
  resolved "https://registry.yarnpkg.com/ws/-/ws-3.0.0.tgz#98ddb00056c8390cb751e7788788497f99103b6c"
  dependencies:
    safe-buffer "~5.0.1"
    ultron "~1.1.0"
